{
  "object": {
    "pins": [
      {
        "package": "FlyingFox",
        "repositoryURL": "https://github.com/swhitty/FlyingFox.git",
        "state": {
          "branch": "main",
          "revision": "14156d99be46f81f84f842088b017d5720016220",
          "version": null
        }
      }
    ]
  },
  "version": 1
}
