{
  "pins" : [
    {
      "identity" : "flyingfox",
      "kind" : "remoteSourceControl",
      "location" : "https://github.com/swhitty/FlyingFox.git",
      "state" : {
        "revision" : "ed86fc6d68ec1467aaab3e494b581e66dd7a4512",
        "version" : "0.12.2"
      }
    }
  ],
  "version" : 2
}
