{
  "object": {
    "pins": [
      {
        "package": "FlyingFox",
        "repositoryURL": "https://github.com/swhitty/FlyingFox.git",
        "state": {
          "branch": "main",
          "revision": "ec3dadf23ff2de72dc0e063c71eba6c40aeb75cd",
          "version": null
        }
      }
    ]
  },
  "version": 1
}
